
Microsoft Visual Studio Solution File, Format Version 12.00
# Visual Studio 15
VisualStudioVersion = 15.0.28307.572
MinimumVisualStudioVersion = 10.0.40219.1
Project("{00D1A9C2-B5F0-4AF3-8072-F6C62B433612}") = "AdventureWorks", "AdventureWorks\AdventureWorks.sqlproj", "{D5490572-B5B2-48DC-AA07-895D1A42E6EB}"
EndProject
Global
	GlobalSection(SolutionConfigurationPlatforms) = preSolution
		Debug|Any CPU = Debug|Any CPU
		Release|Any CPU = Release|Any CPU
	EndGlobalSection
	GlobalSection(ProjectConfigurationPlatforms) = postSolution
		{D5490572-B5B2-48DC-AA07-895D1A42E6EB}.Debug|Any CPU.ActiveCfg = Debug|Any CPU
		{D5490572-B5B2-48DC-AA07-895D1A42E6EB}.Debug|Any CPU.Build.0 = Debug|Any CPU
		{D5490572-B5B2-48DC-AA07-895D1A42E6EB}.Debug|Any CPU.Deploy.0 = Debug|Any CPU
		{D5490572-B5B2-48DC-AA07-895D1A42E6EB}.Release|Any CPU.ActiveCfg = Release|Any CPU
		{D5490572-B5B2-48DC-AA07-895D1A42E6EB}.Release|Any CPU.Build.0 = Release|Any CPU
		{D5490572-B5B2-48DC-AA07-895D1A42E6EB}.Release|Any CPU.Deploy.0 = Release|Any CPU
	EndGlobalSection
	GlobalSection(SolutionProperties) = preSolution
		HideSolutionNode = FALSE
	EndGlobalSection
	GlobalSection(ExtensibilityGlobals) = postSolution
		SolutionGuid = {F9B93E95-CC87-4C42-AA14-A4FD0CC11380}
	EndGlobalSection
EndGlobal
